
Microsoft Visual Studio Solution File, Format Version 12.00
Project("{FAE04EC0-301F-11D3-BF4B-00C04F79EFBC}") = "ClinicApi", "ClinicApi\ClinicApi.csproj", "{00DCC992-5669-4C00-BFFF-F94DB075D7E2}"
EndProject
Global
	GlobalSection(SolutionConfigurationPlatforms) = preSolution
		Debug|Any CPU = Debug|Any CPU
		Release|Any CPU = Release|Any CPU
	EndGlobalSection
	GlobalSection(ProjectConfigurationPlatforms) = postSolution
		{00DCC992-5669-4C00-BFFF-F94DB075D7E2}.Debug|Any CPU.ActiveCfg = Debug|Any CPU
		{00DCC992-5669-4C00-BFFF-F94DB075D7E2}.Debug|Any CPU.Build.0 = Debug|Any CPU
		{00DCC992-5669-4C00-BFFF-F94DB075D7E2}.Release|Any CPU.ActiveCfg = Release|Any CPU
		{00DCC992-5669-4C00-BFFF-F94DB075D7E2}.Release|Any CPU.Build.0 = Release|Any CPU
	EndGlobalSection
EndGlobal
